github.com/fgrid/money v1.5.0 h1:kseiERF6R69OhScimgz7WF8fTobpDs68Cn3wHmrcqk0=
github.com/fgrid/money v1.5.0/go.mod h1:IppLbcUsnaWGQMz3W7qhEUAfPWK/+OR5efSZoqRxbS8=
github.com/fgrid/uuid v0.1.0 h1:riI9F54jwSncbmRX3znYurwyPmTUPydKmnbmJfQP7P8=
github.com/fgrid/uuid v0.1.0/go.mod h1:YF5ARifcE9dM4zga1y+18amvOtxwDGeVaDDj4BPD3HA=
